Microsoft Visual Studio Solution File, Format Version 8.00
Project("{8BC9CEB8-8B4A-11D0-8D11-00A0C91BC942}") = "PaintX", "..\PaintX\PaintX.vcproj", "{F8A87159-2E6A-4A78-B9FB-5EE733793F2B}"
	ProjectSection(ProjectDependencies) = postProject
		{BB992CF3-42B5-4108-A774-B96705C8BCC5} = {BB992CF3-42B5-4108-A774-B96705C8BCC5}
	EndProjectSection
EndProject
Project("{8BC9CEB8-8B4A-11D0-8D11-00A0C91BC942}") = "VCPaintXDemo", "..\VCPaintX\VCPaintXDemo.vcproj", "{C3A0575D-16DA-492F-AEC7-14B14BA1D3F7}"
	ProjectSection(ProjectDependencies) = postProject
		{F8A87159-2E6A-4A78-B9FB-5EE733793F2B} = {F8A87159-2E6A-4A78-B9FB-5EE733793F2B}
	EndProjectSection
EndProject
Project("{8BC9CEB8-8B4A-11D0-8D11-00A0C91BC942}") = "libjpeg", "..\libjpeg\libjpeg.vcproj", "{89C6E83C-39A7-4D56-A5EE-61A0FAF3E18D}"
	ProjectSection(ProjectDependencies) = postProject
	EndProjectSection
EndProject
Project("{8BC9CEB8-8B4A-11D0-8D11-00A0C91BC942}") = "libpng", "..\libpng\libpng.vcproj", "{565C13F7-2A06-4135-8F49-02D1A9589145}"
	ProjectSection(ProjectDependencies) = postProject
	EndProjectSection
EndProject
Project("{8BC9CEB8-8B4A-11D0-8D11-00A0C91BC942}") = "libtiff", "..\libtiff\libtiff.vcproj", "{CCE99B0B-E57B-481A-A5A4-6ADE16913D10}"
	ProjectSection(ProjectDependencies) = postProject
	EndProjectSection
EndProject
Project("{8BC9CEB8-8B4A-11D0-8D11-00A0C91BC942}") = "libungif", "..\libungif\libungif.vcproj", "{DAC29977-B3B7-4ABB-B4D7-38AC5B2F3075}"
	ProjectSection(ProjectDependencies) = postProject
	EndProjectSection
EndProject
Project("{8BC9CEB8-8B4A-11D0-8D11-00A0C91BC942}") = "paintlib", "paintlib.vcproj", "{BB992CF3-42B5-4108-A774-B96705C8BCC5}"
	ProjectSection(ProjectDependencies) = postProject
		{CCE99B0B-E57B-481A-A5A4-6ADE16913D10} = {CCE99B0B-E57B-481A-A5A4-6ADE16913D10}
		{565C13F7-2A06-4135-8F49-02D1A9589145} = {565C13F7-2A06-4135-8F49-02D1A9589145}
		{89C6E83C-39A7-4D56-A5EE-61A0FAF3E18D} = {89C6E83C-39A7-4D56-A5EE-61A0FAF3E18D}
		{5554581F-1BCB-4152-B643-C3D9A7F86B43} = {5554581F-1BCB-4152-B643-C3D9A7F86B43}
		{DAC29977-B3B7-4ABB-B4D7-38AC5B2F3075} = {DAC29977-B3B7-4ABB-B4D7-38AC5B2F3075}
	EndProjectSection
EndProject
Project("{8BC9CEB8-8B4A-11D0-8D11-00A0C91BC942}") = "piclook", "..\piclook\PicLook.vcproj", "{97139956-F093-4BD4-9BA2-DD6CDA150A03}"
	ProjectSection(ProjectDependencies) = postProject
		{BB992CF3-42B5-4108-A774-B96705C8BCC5} = {BB992CF3-42B5-4108-A774-B96705C8BCC5}
	EndProjectSection
EndProject
Project("{8BC9CEB8-8B4A-11D0-8D11-00A0C91BC942}") = "test", "..\test\test.vcproj", "{E93A0B00-4B44-4AC6-A019-797B0AD41FC2}"
	ProjectSection(ProjectDependencies) = postProject
		{BB992CF3-42B5-4108-A774-B96705C8BCC5} = {BB992CF3-42B5-4108-A774-B96705C8BCC5}
	EndProjectSection
EndProject
Project("{8BC9CEB8-8B4A-11D0-8D11-00A0C91BC942}") = "testdec", "..\testdec\testdec.vcproj", "{8A0AD43F-D4B9-4E88-9D82-807E7F8B7E17}"
	ProjectSection(ProjectDependencies) = postProject
		{BB992CF3-42B5-4108-A774-B96705C8BCC5} = {BB992CF3-42B5-4108-A774-B96705C8BCC5}
	EndProjectSection
EndProject
Project("{8BC9CEB8-8B4A-11D0-8D11-00A0C91BC942}") = "testdib", "..\testdib\testdib.vcproj", "{C7481E18-F428-4482-ABBE-A78FE4CDFDF8}"
	ProjectSection(ProjectDependencies) = postProject
		{DAC29977-B3B7-4ABB-B4D7-38AC5B2F3075} = {DAC29977-B3B7-4ABB-B4D7-38AC5B2F3075}
		{565C13F7-2A06-4135-8F49-02D1A9589145} = {565C13F7-2A06-4135-8F49-02D1A9589145}
		{BB992CF3-42B5-4108-A774-B96705C8BCC5} = {BB992CF3-42B5-4108-A774-B96705C8BCC5}
		{CCE99B0B-E57B-481A-A5A4-6ADE16913D10} = {CCE99B0B-E57B-481A-A5A4-6ADE16913D10}
		{89C6E83C-39A7-4D56-A5EE-61A0FAF3E18D} = {89C6E83C-39A7-4D56-A5EE-61A0FAF3E18D}
	EndProjectSection
EndProject
Project("{8BC9CEB8-8B4A-11D0-8D11-00A0C91BC942}") = "tiffex", "..\tiffex\tiffex.vcproj", "{C3D62A69-1FC5-404B-B294-CA18ACB80F96}"
	ProjectSection(ProjectDependencies) = postProject
		{DAC29977-B3B7-4ABB-B4D7-38AC5B2F3075} = {DAC29977-B3B7-4ABB-B4D7-38AC5B2F3075}
		{BB992CF3-42B5-4108-A774-B96705C8BCC5} = {BB992CF3-42B5-4108-A774-B96705C8BCC5}
		{CCE99B0B-E57B-481A-A5A4-6ADE16913D10} = {CCE99B0B-E57B-481A-A5A4-6ADE16913D10}
		{565C13F7-2A06-4135-8F49-02D1A9589145} = {565C13F7-2A06-4135-8F49-02D1A9589145}
		{89C6E83C-39A7-4D56-A5EE-61A0FAF3E18D} = {89C6E83C-39A7-4D56-A5EE-61A0FAF3E18D}
	EndProjectSection
EndProject
Project("{8BC9CEB8-8B4A-11D0-8D11-00A0C91BC942}") = "libcurl", "..\libcurl\libcurl.vcproj", "{5554581F-1BCB-4152-B643-C3D9A7F86B43}"
	ProjectSection(ProjectDependencies) = postProject
	EndProjectSection
EndProject
Global
	GlobalSection(SolutionConfiguration) = preSolution
		Debug = Debug
		Release = Release
	EndGlobalSection
	GlobalSection(ProjectConfiguration) = postSolution
		{F8A87159-2E6A-4A78-B9FB-5EE733793F2B}.Debug.ActiveCfg = Debug|Win32
		{F8A87159-2E6A-4A78-B9FB-5EE733793F2B}.Debug.Build.0 = Debug|Win32
		{F8A87159-2E6A-4A78-B9FB-5EE733793F2B}.Release.ActiveCfg = Release|Win32
		{F8A87159-2E6A-4A78-B9FB-5EE733793F2B}.Release.Build.0 = Release|Win32
		{C3A0575D-16DA-492F-AEC7-14B14BA1D3F7}.Debug.ActiveCfg = Debug|Win32
		{C3A0575D-16DA-492F-AEC7-14B14BA1D3F7}.Debug.Build.0 = Debug|Win32
		{C3A0575D-16DA-492F-AEC7-14B14BA1D3F7}.Release.ActiveCfg = Release|Win32
		{C3A0575D-16DA-492F-AEC7-14B14BA1D3F7}.Release.Build.0 = Release|Win32
		{89C6E83C-39A7-4D56-A5EE-61A0FAF3E18D}.Debug.ActiveCfg = Debug|Win32
		{89C6E83C-39A7-4D56-A5EE-61A0FAF3E18D}.Debug.Build.0 = Debug|Win32
		{89C6E83C-39A7-4D56-A5EE-61A0FAF3E18D}.Release.ActiveCfg = Release|Win32
		{89C6E83C-39A7-4D56-A5EE-61A0FAF3E18D}.Release.Build.0 = Release|Win32
		{565C13F7-2A06-4135-8F49-02D1A9589145}.Debug.ActiveCfg = Debug|Win32
		{565C13F7-2A06-4135-8F49-02D1A9589145}.Debug.Build.0 = Debug|Win32
		{565C13F7-2A06-4135-8F49-02D1A9589145}.Release.ActiveCfg = Release|Win32
		{565C13F7-2A06-4135-8F49-02D1A9589145}.Release.Build.0 = Release|Win32
		{CCE99B0B-E57B-481A-A5A4-6ADE16913D10}.Debug.ActiveCfg = Debug|Win32
		{CCE99B0B-E57B-481A-A5A4-6ADE16913D10}.Debug.Build.0 = Debug|Win32
		{CCE99B0B-E57B-481A-A5A4-6ADE16913D10}.Release.ActiveCfg = Release|Win32
		{CCE99B0B-E57B-481A-A5A4-6ADE16913D10}.Release.Build.0 = Release|Win32
		{DAC29977-B3B7-4ABB-B4D7-38AC5B2F3075}.Debug.ActiveCfg = Debug|Win32
		{DAC29977-B3B7-4ABB-B4D7-38AC5B2F3075}.Debug.Build.0 = Debug|Win32
		{DAC29977-B3B7-4ABB-B4D7-38AC5B2F3075}.Release.ActiveCfg = Release|Win32
		{DAC29977-B3B7-4ABB-B4D7-38AC5B2F3075}.Release.Build.0 = Release|Win32
		{BB992CF3-42B5-4108-A774-B96705C8BCC5}.Debug.ActiveCfg = Debug|Win32
		{BB992CF3-42B5-4108-A774-B96705C8BCC5}.Debug.Build.0 = Debug|Win32
		{BB992CF3-42B5-4108-A774-B96705C8BCC5}.Release.ActiveCfg = Release|Win32
		{BB992CF3-42B5-4108-A774-B96705C8BCC5}.Release.Build.0 = Release|Win32
		{97139956-F093-4BD4-9BA2-DD6CDA150A03}.Debug.ActiveCfg = Debug|Win32
		{97139956-F093-4BD4-9BA2-DD6CDA150A03}.Debug.Build.0 = Debug|Win32
		{97139956-F093-4BD4-9BA2-DD6CDA150A03}.Release.ActiveCfg = Release|Win32
		{97139956-F093-4BD4-9BA2-DD6CDA150A03}.Release.Build.0 = Release|Win32
		{E93A0B00-4B44-4AC6-A019-797B0AD41FC2}.Debug.ActiveCfg = Debug|Win32
		{E93A0B00-4B44-4AC6-A019-797B0AD41FC2}.Debug.Build.0 = Debug|Win32
		{E93A0B00-4B44-4AC6-A019-797B0AD41FC2}.Release.ActiveCfg = Release|Win32
		{E93A0B00-4B44-4AC6-A019-797B0AD41FC2}.Release.Build.0 = Release|Win32
		{8A0AD43F-D4B9-4E88-9D82-807E7F8B7E17}.Debug.ActiveCfg = Debug|Win32
		{8A0AD43F-D4B9-4E88-9D82-807E7F8B7E17}.Debug.Build.0 = Debug|Win32
		{8A0AD43F-D4B9-4E88-9D82-807E7F8B7E17}.Release.ActiveCfg = Release|Win32
		{8A0AD43F-D4B9-4E88-9D82-807E7F8B7E17}.Release.Build.0 = Release|Win32
		{C7481E18-F428-4482-ABBE-A78FE4CDFDF8}.Debug.ActiveCfg = Debug|Win32
		{C7481E18-F428-4482-ABBE-A78FE4CDFDF8}.Debug.Build.0 = Debug|Win32
		{C7481E18-F428-4482-ABBE-A78FE4CDFDF8}.Release.ActiveCfg = Release|Win32
		{C7481E18-F428-4482-ABBE-A78FE4CDFDF8}.Release.Build.0 = Release|Win32
		{C3D62A69-1FC5-404B-B294-CA18ACB80F96}.Debug.ActiveCfg = Debug|Win32
		{C3D62A69-1FC5-404B-B294-CA18ACB80F96}.Debug.Build.0 = Debug|Win32
		{C3D62A69-1FC5-404B-B294-CA18ACB80F96}.Release.ActiveCfg = Release|Win32
		{C3D62A69-1FC5-404B-B294-CA18ACB80F96}.Release.Build.0 = Release|Win32
		{5554581F-1BCB-4152-B643-C3D9A7F86B43}.Debug.ActiveCfg = Debug|Win32
		{5554581F-1BCB-4152-B643-C3D9A7F86B43}.Debug.Build.0 = Debug|Win32
		{5554581F-1BCB-4152-B643-C3D9A7F86B43}.Release.ActiveCfg = Release|Win32
		{5554581F-1BCB-4152-B643-C3D9A7F86B43}.Release.Build.0 = Release|Win32
	EndGlobalSection
	GlobalSection(ExtensibilityGlobals) = postSolution
	EndGlobalSection
	GlobalSection(ExtensibilityAddIns) = postSolution
	EndGlobalSection
EndGlobal
