Microsoft Visual Studio Solution File, Format Version 8.00
Project("{8BC9CEB8-8B4A-11D0-8D11-00A0C91BC942}") = "paintlib", "paintlib.vcproj", "{BB992CF3-42B5-4108-A774-B96705C8BCC5}"
	ProjectSection(ProjectDependencies) = postProject
	EndProjectSection
EndProject
Project("{8BC9CEB8-8B4A-11D0-8D11-00A0C91BC942}") = "piclook", "PicLook.vcproj", "{556B8112-AF99-498D-A757-0B23E7123393}"
	ProjectSection(ProjectDependencies) = postProject
		{BB992CF3-42B5-4108-A774-B96705C8BCC5} = {BB992CF3-42B5-4108-A774-B96705C8BCC5}
	EndProjectSection
EndProject
Project("{8BC9CEB8-8B4A-11D0-8D11-00A0C91BC942}") = "test", "test.vcproj", "{FBA11FD4-EBB4-4B60-BA71-274F53DF5124}"
	ProjectSection(ProjectDependencies) = postProject
		{BB992CF3-42B5-4108-A774-B96705C8BCC5} = {BB992CF3-42B5-4108-A774-B96705C8BCC5}
	EndProjectSection
EndProject
Project("{8BC9CEB8-8B4A-11D0-8D11-00A0C91BC942}") = "libjpeg", "..\..\..\extern\win\paintlib\win\libjpeg\libjpeg.vcproj", "{FE5CC6C5-BE53-4C84-980F-E63DA63D98CA}"
	ProjectSection(ProjectDependencies) = postProject
	EndProjectSection
EndProject
Project("{8BC9CEB8-8B4A-11D0-8D11-00A0C91BC942}") = "libpng", "..\..\..\extern\win\paintlib\win\libpng\libpng.vcproj", "{15894C3C-BB67-41E4-BBE6-FFB91FD1D12D}"
	ProjectSection(ProjectDependencies) = postProject
	EndProjectSection
EndProject
Project("{8BC9CEB8-8B4A-11D0-8D11-00A0C91BC942}") = "libtiff", "..\..\..\extern\win\paintlib\win\libtiff\libtiff.vcproj", "{3CB563B3-9B69-498E-92EB-3B1E8D8E767A}"
	ProjectSection(ProjectDependencies) = postProject
	EndProjectSection
EndProject
Project("{8BC9CEB8-8B4A-11D0-8D11-00A0C91BC942}") = "libungif", "..\..\..\extern\win\paintlib\win\libungif\libungif.vcproj", "{D429D599-004E-4CD2-9BC9-9BA6E08A21C2}"
	ProjectSection(ProjectDependencies) = postProject
	EndProjectSection
EndProject
Global
	GlobalSection(SolutionConfiguration) = preSolution
		Debug = Debug
		Release = Release
	EndGlobalSection
	GlobalSection(ProjectConfiguration) = postSolution
		{BB992CF3-42B5-4108-A774-B96705C8BCC5}.Debug.ActiveCfg = Debug|Win32
		{BB992CF3-42B5-4108-A774-B96705C8BCC5}.Debug.Build.0 = Debug|Win32
		{BB992CF3-42B5-4108-A774-B96705C8BCC5}.Release.ActiveCfg = Release|Win32
		{BB992CF3-42B5-4108-A774-B96705C8BCC5}.Release.Build.0 = Release|Win32
		{556B8112-AF99-498D-A757-0B23E7123393}.Debug.ActiveCfg = Debug|Win32
		{556B8112-AF99-498D-A757-0B23E7123393}.Debug.Build.0 = Debug|Win32
		{556B8112-AF99-498D-A757-0B23E7123393}.Release.ActiveCfg = Release|Win32
		{556B8112-AF99-498D-A757-0B23E7123393}.Release.Build.0 = Release|Win32
		{FBA11FD4-EBB4-4B60-BA71-274F53DF5124}.Debug.ActiveCfg = Debug|Win32
		{FBA11FD4-EBB4-4B60-BA71-274F53DF5124}.Debug.Build.0 = Debug|Win32
		{FBA11FD4-EBB4-4B60-BA71-274F53DF5124}.Release.ActiveCfg = Release|Win32
		{FBA11FD4-EBB4-4B60-BA71-274F53DF5124}.Release.Build.0 = Release|Win32
		{FE5CC6C5-BE53-4C84-980F-E63DA63D98CA}.Debug.ActiveCfg = Debug|Win32
		{FE5CC6C5-BE53-4C84-980F-E63DA63D98CA}.Debug.Build.0 = Debug|Win32
		{FE5CC6C5-BE53-4C84-980F-E63DA63D98CA}.Release.ActiveCfg = Release|Win32
		{FE5CC6C5-BE53-4C84-980F-E63DA63D98CA}.Release.Build.0 = Release|Win32
		{15894C3C-BB67-41E4-BBE6-FFB91FD1D12D}.Debug.ActiveCfg = Debug|Win32
		{15894C3C-BB67-41E4-BBE6-FFB91FD1D12D}.Debug.Build.0 = Debug|Win32
		{15894C3C-BB67-41E4-BBE6-FFB91FD1D12D}.Release.ActiveCfg = Release|Win32
		{15894C3C-BB67-41E4-BBE6-FFB91FD1D12D}.Release.Build.0 = Release|Win32
		{3CB563B3-9B69-498E-92EB-3B1E8D8E767A}.Debug.ActiveCfg = Debug|Win32
		{3CB563B3-9B69-498E-92EB-3B1E8D8E767A}.Debug.Build.0 = Debug|Win32
		{3CB563B3-9B69-498E-92EB-3B1E8D8E767A}.Release.ActiveCfg = Release|Win32
		{3CB563B3-9B69-498E-92EB-3B1E8D8E767A}.Release.Build.0 = Release|Win32
		{D429D599-004E-4CD2-9BC9-9BA6E08A21C2}.Debug.ActiveCfg = Debug|Win32
		{D429D599-004E-4CD2-9BC9-9BA6E08A21C2}.Debug.Build.0 = Debug|Win32
		{D429D599-004E-4CD2-9BC9-9BA6E08A21C2}.Release.ActiveCfg = Release|Win32
		{D429D599-004E-4CD2-9BC9-9BA6E08A21C2}.Release.Build.0 = Release|Win32
	EndGlobalSection
	GlobalSection(ExtensibilityGlobals) = postSolution
	EndGlobalSection
	GlobalSection(ExtensibilityAddIns) = postSolution
	EndGlobalSection
EndGlobal
